// !$*UTF8*$!
{
	archiveVersion = 1;
	classes = {
	};
	objectVersion = 50;
	objects = {

/* Begin PBXBuildFile section */
		1025E56F264D7A0100A6CA5F /* Resnet50.mlmodel in Sources */ = {isa = PBXBuildFile; fileRef = 1025E56E264D7A0100A6CA5F /* Resnet50.mlmodel */; };
		106CE83B264D6D2F0030BC9B /* AppDelegate.swift in Sources */ = {isa = PBXBuildFile; fileRef = 106CE83A264D6D2F0030BC9B /* AppDelegate.swift */; };
		106CE83D264D6D2F0030BC9B /* MainView.swift in Sources */ = {isa = PBXBuildFile; fileRef = 106CE83C264D6D2F0030BC9B /* MainView.swift */; };
		106CE841264D6D320030BC9B /* Assets.xcassets in Resources */ = {isa = PBXBuildFile; fileRef = 106CE840264D6D320030BC9B /* Assets.xcassets */; };
		106CE844264D6D320030BC9B /* Preview Assets.xcassets in Resources */ = {isa = PBXBuildFile; fileRef = 106CE843264D6D320030BC9B /* Preview Assets.xcassets */; };
		106CE847264D6D320030BC9B /* LaunchScreen.storyboard in Resources */ = {isa = PBXBuildFile; fileRef = 106CE845264D6D320030BC9B /* LaunchScreen.storyboard */; };
		106CE84E264D6E4E0030BC9B /* Experience.rcproject in Sources */ = {isa = PBXBuildFile; fileRef = 106CE83E264D6D2F0030BC9B /* Experience.rcproject */; };
		106CE853264D75F90030BC9B /* ORB_Body_Diff.png in Resources */ = {isa = PBXBuildFile; fileRef = 106CE850264D75F70030BC9B /* ORB_Body_Diff.png */; };
		106CE854264D75F90030BC9B /* ORB_Circles_Diff.png in Resources */ = {isa = PBXBuildFile; fileRef = 106CE851264D75F80030BC9B /* ORB_Circles_Diff.png */; };
		106CE855264D75F90030BC9B /* ORB_Eye_Diff.png in Resources */ = {isa = PBXBuildFile; fileRef = 106CE852264D75F90030BC9B /* ORB_Eye_Diff.png */; };
/* End PBXBuildFile section */

/* Begin PBXFileReference section */
		1025E56E264D7A0100A6CA5F /* Resnet50.mlmodel */ = {isa = PBXFileReference; lastKnownFileType = file.mlmodel; path = Resnet50.mlmodel; sourceTree = "<group>"; };
		106CE837264D6D2F0030BC9B /* SwiftUI-CoreMl.app */ = {isa = PBXFileReference; explicitFileType = wrapper.application; includeInIndex = 0; path = "SwiftUI-CoreMl.app"; sourceTree = BUILT_PRODUCTS_DIR; };
		106CE83A264D6D2F0030BC9B /* AppDelegate.swift */ = {isa = PBXFileReference; lastKnownFileType = sourcecode.swift; path = AppDelegate.swift; sourceTree = "<group>"; };
		106CE83C264D6D2F0030BC9B /* MainView.swift */ = {isa = PBXFileReference; lastKnownFileType = sourcecode.swift; path = MainView.swift; sourceTree = "<group>"; };
		106CE83E264D6D2F0030BC9B /* Experience.rcproject */ = {isa = PBXFileReference; lastKnownFileType = file.rcproject; path = Experience.rcproject; sourceTree = "<group>"; };
		106CE840264D6D320030BC9B /* Assets.xcassets */ = {isa = PBXFileReference; lastKnownFileType = folder.assetcatalog; path = Assets.xcassets; sourceTree = "<group>"; };
		106CE843264D6D320030BC9B /* Preview Assets.xcassets */ = {isa = PBXFileReference; lastKnownFileType = folder.assetcatalog; path = "Preview Assets.xcassets"; sourceTree = "<group>"; };
		106CE846264D6D320030BC9B /* Base */ = {isa = PBXFileReference; lastKnownFileType = file.storyboard; name = Base; path = Base.lproj/LaunchScreen.storyboard; sourceTree = "<group>"; };
		106CE848264D6D320030BC9B /* Info.plist */ = {isa = PBXFileReference; lastKnownFileType = text.plist.xml; path = Info.plist; sourceTree = "<group>"; };
		106CE850264D75F70030BC9B /* ORB_Body_Diff.png */ = {isa = PBXFileReference; lastKnownFileType = image.png; path = ORB_Body_Diff.png; sourceTree = "<group>"; };
		106CE851264D75F80030BC9B /* ORB_Circles_Diff.png */ = {isa = PBXFileReference; lastKnownFileType = image.png; path = ORB_Circles_Diff.png; sourceTree = "<group>"; };
		106CE852264D75F90030BC9B /* ORB_Eye_Diff.png */ = {isa = PBXFileReference; lastKnownFileType = image.png; path = ORB_Eye_Diff.png; sourceTree = "<group>"; };
/* End PBXFileReference section */

/* Begin PBXFrameworksBuildPhase section */
		106CE834264D6D2F0030BC9B /* Frameworks */ = {
			isa = PBXFrameworksBuildPhase;
			buildActionMask = 2147483647;
			files = (
			);
			runOnlyForDeploymentPostprocessing = 0;
		};
/* End PBXFrameworksBuildPhase section */

/* Begin PBXGroup section */
		106CE82E264D6D2F0030BC9B = {
			isa = PBXGroup;
			children = (
				106CE839264D6D2F0030BC9B /* SwiftUI-CoreMl */,
				106CE838264D6D2F0030BC9B /* Products */,
			);
			sourceTree = "<group>";
		};
		106CE838264D6D2F0030BC9B /* Products */ = {
			isa = PBXGroup;
			children = (
				106CE837264D6D2F0030BC9B /* SwiftUI-CoreMl.app */,
			);
			name = Products;
			sourceTree = "<group>";
		};
		106CE839264D6D2F0030BC9B /* SwiftUI-CoreMl */ = {
			isa = PBXGroup;
			children = (
				1025E56E264D7A0100A6CA5F /* Resnet50.mlmodel */,
				106CE84F264D75E40030BC9B /* Models */,
				106CE83A264D6D2F0030BC9B /* AppDelegate.swift */,
				106CE83C264D6D2F0030BC9B /* MainView.swift */,
				106CE83E264D6D2F0030BC9B /* Experience.rcproject */,
				106CE840264D6D320030BC9B /* Assets.xcassets */,
				106CE845264D6D320030BC9B /* LaunchScreen.storyboard */,
				106CE848264D6D320030BC9B /* Info.plist */,
				106CE842264D6D320030BC9B /* Preview Content */,
			);
			path = "SwiftUI-CoreMl";
			sourceTree = "<group>";
		};
		106CE842264D6D320030BC9B /* Preview Content */ = {
			isa = PBXGroup;
			children = (
				106CE843264D6D320030BC9B /* Preview Assets.xcassets */,
			);
			path = "Preview Content";
			sourceTree = "<group>";
		};
		106CE84F264D75E40030BC9B /* Models */ = {
			isa = PBXGroup;
			children = (
				106CE850264D75F70030BC9B /* ORB_Body_Diff.png */,
				106CE851264D75F80030BC9B /* ORB_Circles_Diff.png */,
				106CE852264D75F90030BC9B /* ORB_Eye_Diff.png */,
			);
			path = Models;
			sourceTree = "<group>";
		};
/* End PBXGroup section */

/* Begin PBXNativeTarget section */
		106CE836264D6D2F0030BC9B /* SwiftUI-CoreMl */ = {
			isa = PBXNativeTarget;
			buildConfigurationList = 106CE84B264D6D320030BC9B /* Build configuration list for PBXNativeTarget "SwiftUI-CoreMl" */;
			buildPhases = (
				106CE833264D6D2F0030BC9B /* Sources */,
				106CE834264D6D2F0030BC9B /* Frameworks */,
				106CE835264D6D2F0030BC9B /* Resources */,
			);
			buildRules = (
			);
			dependencies = (
			);
			name = "SwiftUI-CoreMl";
			productName = "SwiftUI-CoreMl";
			productReference = 106CE837264D6D2F0030BC9B /* SwiftUI-CoreMl.app */;
			productType = "com.apple.product-type.application";
		};
/* End PBXNativeTarget section */

/* Begin PBXProject section */
		106CE82F264D6D2F0030BC9B /* Project object */ = {
			isa = PBXProject;
			attributes = {
				LastSwiftUpdateCheck = 1250;
				LastUpgradeCheck = 1250;
				TargetAttributes = {
					106CE836264D6D2F0030BC9B = {
						CreatedOnToolsVersion = 12.5;
					};
				};
			};
			buildConfigurationList = 106CE832264D6D2F0030BC9B /* Build configuration list for PBXProject "SwiftUI-CoreMl" */;
			compatibilityVersion = "Xcode 9.3";
			developmentRegion = en;
			hasScannedForEncodings = 0;
			knownRegions = (
				en,
				Base,
			);
			mainGroup = 106CE82E264D6D2F0030BC9B;
			productRefGroup = 106CE838264D6D2F0030BC9B /* Products */;
			projectDirPath = "";
			projectRoot = "";
			targets = (
				106CE836264D6D2F0030BC9B /* SwiftUI-CoreMl */,
			);
		};
/* End PBXProject section */

/* Begin PBXResourcesBuildPhase section */
		106CE835264D6D2F0030BC9B /* Resources */ = {
			isa = PBXResourcesBuildPhase;
			buildActionMask = 2147483647;
			files = (
				106CE853264D75F90030BC9B /* ORB_Body_Diff.png in Resources */,
				106CE847264D6D320030BC9B /* LaunchScreen.storyboard in Resources */,
				106CE855264D75F90030BC9B /* ORB_Eye_Diff.png in Resources */,
				106CE844264D6D320030BC9B /* Preview Assets.xcassets in Resources */,
				106CE841264D6D320030BC9B /* Assets.xcassets in Resources */,
				106CE854264D75F90030BC9B /* ORB_Circles_Diff.png in Resources */,
			);
			runOnlyForDeploymentPostprocessing = 0;
		};
/* End PBXResourcesBuildPhase section */

/* Begin PBXSourcesBuildPhase section */
		106CE833264D6D2F0030BC9B /* Sources */ = {
			isa = PBXSourcesBuildPhase;
			buildActionMask = 2147483647;
			files = (
				106CE83D264D6D2F0030BC9B /* MainView.swift in Sources */,
				106CE83B264D6D2F0030BC9B /* AppDelegate.swift in Sources */,
				1025E56F264D7A0100A6CA5F /* Resnet50.mlmodel in Sources */,
				106CE84E264D6E4E0030BC9B /* Experience.rcproject in Sources */,
			);
			runOnlyForDeploymentPostprocessing = 0;
		};
/* End PBXSourcesBuildPhase section */

/* Begin PBXVariantGroup section */
		106CE845264D6D320030BC9B /* LaunchScreen.storyboard */ = {
			isa = PBXVariantGroup;
			children = (
				106CE846264D6D320030BC9B /* Base */,
			);
			name = LaunchScreen.storyboard;
			sourceTree = "<group>";
		};
/* End PBXVariantGroup section */

/* Begin XCBuildConfiguration section */
		106CE849264D6D320030BC9B /* Debug */ = {
			isa = XCBuildConfiguration;
			buildSettings = {
				ALWAYS_SEARCH_USER_PATHS = NO;
				CLANG_ANALYZER_NONNULL = YES;
				CLANG_ANALYZER_NUMBER_OBJECT_CONVERSION = YES_AGGRESSIVE;
				CLANG_CXX_LANGUAGE_STANDARD = "gnu++14";
				CLANG_CXX_LIBRARY = "libc++";
				CLANG_ENABLE_MODULES = YES;
				CLANG_ENABLE_OBJC_ARC = YES;
				CLANG_ENABLE_OBJC_WEAK = YES;
				CLANG_WARN_BLOCK_CAPTURE_AUTORELEASING = YES;
				CLANG_WARN_BOOL_CONVERSION = YES;
				CLANG_WARN_COMMA = YES;
				CLANG_WARN_CONSTANT_CONVERSION = YES;
				CLANG_WARN_DEPRECATED_OBJC_IMPLEMENTATIONS = YES;
				CLANG_WARN_DIRECT_OBJC_ISA_USAGE = YES_ERROR;
				CLANG_WARN_DOCUMENTATION_COMMENTS = YES;
				CLANG_WARN_EMPTY_BODY = YES;
				CLANG_WARN_ENUM_CONVERSION = YES;
				CLANG_WARN_INFINITE_RECURSION = YES;
				CLANG_WARN_INT_CONVERSION = YES;
				CLANG_WARN_NON_LITERAL_NULL_CONVERSION = YES;
				CLANG_WARN_OBJC_IMPLICIT_RETAIN_SELF = YES;
				CLANG_WARN_OBJC_LITERAL_CONVERSION = YES;
				CLANG_WARN_OBJC_ROOT_CLASS = YES_ERROR;
				CLANG_WARN_QUOTED_INCLUDE_IN_FRAMEWORK_HEADER = YES;
				CLANG_WARN_RANGE_LOOP_ANALYSIS = YES;
				CLANG_WARN_STRICT_PROTOTYPES = YES;
				CLANG_WARN_SUSPICIOUS_MOVE = YES;
				CLANG_WARN_UNGUARDED_AVAILABILITY = YES_AGGRESSIVE;
				CLANG_WARN_UNREACHABLE_CODE = YES;
				CLANG_WARN__DUPLICATE_METHOD_MATCH = YES;
				COPY_PHASE_STRIP = NO;
				DEBUG_INFORMATION_FORMAT = dwarf;
				ENABLE_STRICT_OBJC_MSGSEND = YES;
				ENABLE_TESTABILITY = YES;
				GCC_C_LANGUAGE_STANDARD = gnu11;
				GCC_DYNAMIC_NO_PIC = NO;
				GCC_NO_COMMON_BLOCKS = YES;
				GCC_OPTIMIZATION_LEVEL = 0;
				GCC_PREPROCESSOR_DEFINITIONS = (
					"DEBUG=1",
					"$(inherited)",
				);
				GCC_WARN_64_TO_32_BIT_CONVERSION = YES;
				GCC_WARN_ABOUT_RETURN_TYPE = YES_ERROR;
				GCC_WARN_UNDECLARED_SELECTOR = YES;
				GCC_WARN_UNINITIALIZED_AUTOS = YES_AGGRESSIVE;
				GCC_WARN_UNUSED_FUNCTION = YES;
				GCC_WARN_UNUSED_VARIABLE = YES;
				IPHONEOS_DEPLOYMENT_TARGET = 14.5;
				MTL_ENABLE_DEBUG_INFO = INCLUDE_SOURCE;
				MTL_FAST_MATH = YES;
				ONLY_ACTIVE_ARCH = YES;
				SDKROOT = iphoneos;
				SWIFT_ACTIVE_COMPILATION_CONDITIONS = DEBUG;
				SWIFT_OPTIMIZATION_LEVEL = "-Onone";
			};
			name = Debug;
		};
		106CE84A264D6D320030BC9B /* Release */ = {
			isa = XCBuildConfiguration;
			buildSettings = {
				ALWAYS_SEARCH_USER_PATHS = NO;
				CLANG_ANALYZER_NONNULL = YES;
				CLANG_ANALYZER_NUMBER_OBJECT_CONVERSION = YES_AGGRESSIVE;
				CLANG_CXX_LANGUAGE_STANDARD = "gnu++14";
				CLANG_CXX_LIBRARY = "libc++";
				CLANG_ENABLE_MODULES = YES;
				CLANG_ENABLE_OBJC_ARC = YES;
				CLANG_ENABLE_OBJC_WEAK = YES;
				CLANG_WARN_BLOCK_CAPTURE_AUTORELEASING = YES;
				CLANG_WARN_BOOL_CONVERSION = YES;
				CLANG_WARN_COMMA = YES;
				CLANG_WARN_CONSTANT_CONVERSION = YES;
				CLANG_WARN_DEPRECATED_OBJC_IMPLEMENTATIONS = YES;
				CLANG_WARN_DIRECT_OBJC_ISA_USAGE = YES_ERROR;
				CLANG_WARN_DOCUMENTATION_COMMENTS = YES;
				CLANG_WARN_EMPTY_BODY = YES;
				CLANG_WARN_ENUM_CONVERSION = YES;
				CLANG_WARN_INFINITE_RECURSION = YES;
				CLANG_WARN_INT_CONVERSION = YES;
				CLANG_WARN_NON_LITERAL_NULL_CONVERSION = YES;
				CLANG_WARN_OBJC_IMPLICIT_RETAIN_SELF = YES;
				CLANG_WARN_OBJC_LITERAL_CONVERSION = YES;
				CLANG_WARN_OBJC_ROOT_CLASS = YES_ERROR;
				CLANG_WARN_QUOTED_INCLUDE_IN_FRAMEWORK_HEADER = YES;
				CLANG_WARN_RANGE_LOOP_ANALYSIS = YES;
				CLANG_WARN_STRICT_PROTOTYPES = YES;
				CLANG_WARN_SUSPICIOUS_MOVE = YES;
				CLANG_WARN_UNGUARDED_AVAILABILITY = YES_AGGRESSIVE;
				CLANG_WARN_UNREACHABLE_CODE = YES;
				CLANG_WARN__DUPLICATE_METHOD_MATCH = YES;
				COPY_PHASE_STRIP = NO;
				DEBUG_INFORMATION_FORMAT = "dwarf-with-dsym";
				ENABLE_NS_ASSERTIONS = NO;
				ENABLE_STRICT_OBJC_MSGSEND = YES;
				GCC_C_LANGUAGE_STANDARD = gnu11;
				GCC_NO_COMMON_BLOCKS = YES;
				GCC_WARN_64_TO_32_BIT_CONVERSION = YES;
				GCC_WARN_ABOUT_RETURN_TYPE = YES_ERROR;
				GCC_WARN_UNDECLARED_SELECTOR = YES;
				GCC_WARN_UNINITIALIZED_AUTOS = YES_AGGRESSIVE;
				GCC_WARN_UNUSED_FUNCTION = YES;
				GCC_WARN_UNUSED_VARIABLE = YES;
				IPHONEOS_DEPLOYMENT_TARGET = 14.5;
				MTL_ENABLE_DEBUG_INFO = NO;
				MTL_FAST_MATH = YES;
				SDKROOT = iphoneos;
				SWIFT_COMPILATION_MODE = wholemodule;
				SWIFT_OPTIMIZATION_LEVEL = "-O";
				VALIDATE_PRODUCT = YES;
			};
			name = Release;
		};
		106CE84C264D6D320030BC9B /* Debug */ = {
			isa = XCBuildConfiguration;
			buildSettings = {
				ASSETCATALOG_COMPILER_APPICON_NAME = AppIcon;
				ASSETCATALOG_COMPILER_GLOBAL_ACCENT_COLOR_NAME = AccentColor;
				CODE_SIGN_STYLE = Automatic;
				DEVELOPMENT_ASSET_PATHS = "\"SwiftUI-CoreMl/Preview Content\"";
				DEVELOPMENT_TEAM = 827AKX2FXT;
				ENABLE_PREVIEWS = YES;
				INFOPLIST_FILE = "SwiftUI-CoreMl/Info.plist";
				IPHONEOS_DEPLOYMENT_TARGET = 14.1;
				LD_RUNPATH_SEARCH_PATHS = (
					"$(inherited)",
					"@executable_path/Frameworks",
				);
				PRODUCT_BUNDLE_IDENTIFIER = "com.erencelik.SwiftUI-CoreMl";
				PRODUCT_NAME = "$(TARGET_NAME)";
				SWIFT_VERSION = 5.0;
				TARGETED_DEVICE_FAMILY = "1,2";
			};
			name = Debug;
		};
		106CE84D264D6D320030BC9B /* Release */ = {
			isa = XCBuildConfiguration;
			buildSettings = {
				ASSETCATALOG_COMPILER_APPICON_NAME = AppIcon;
				ASSETCATALOG_COMPILER_GLOBAL_ACCENT_COLOR_NAME = AccentColor;
				CODE_SIGN_STYLE = Automatic;
				DEVELOPMENT_ASSET_PATHS = "\"SwiftUI-CoreMl/Preview Content\"";
				DEVELOPMENT_TEAM = 827AKX2FXT;
				ENABLE_PREVIEWS = YES;
				INFOPLIST_FILE = "SwiftUI-CoreMl/Info.plist";
				IPHONEOS_DEPLOYMENT_TARGET = 14.1;
				LD_RUNPATH_SEARCH_PATHS = (
					"$(inherited)",
					"@executable_path/Frameworks",
				);
				PRODUCT_BUNDLE_IDENTIFIER = "com.erencelik.SwiftUI-CoreMl";
				PRODUCT_NAME = "$(TARGET_NAME)";
				SWIFT_VERSION = 5.0;
				TARGETED_DEVICE_FAMILY = "1,2";
			};
			name = Release;
		};
/* End XCBuildConfiguration section */

/* Begin XCConfigurationList section */
		106CE832264D6D2F0030BC9B /* Build configuration list for PBXProject "SwiftUI-CoreMl" */ = {
			isa = XCConfigurationList;
			buildConfigurations = (
				106CE849264D6D320030BC9B /* Debug */,
				106CE84A264D6D320030BC9B /* Release */,
			);
			defaultConfigurationIsVisible = 0;
			defaultConfigurationName = Release;
		};
		106CE84B264D6D320030BC9B /* Build configuration list for PBXNativeTarget "SwiftUI-CoreMl" */ = {
			isa = XCConfigurationList;
			buildConfigurations = (
				106CE84C264D6D320030BC9B /* Debug */,
				106CE84D264D6D320030BC9B /* Release */,
			);
			defaultConfigurationIsVisible = 0;
			defaultConfigurationName = Release;
		};
/* End XCConfigurationList section */
	};
	rootObject = 106CE82F264D6D2F0030BC9B /* Project object */;
}
